
Microsoft Visual Studio Solution File, Format Version 12.00
# Visual Studio Version 17
VisualStudioVersion = 17.13.35913.81
MinimumVisualStudioVersion = 10.0.40219.1
Project("{FAE04EC0-301F-11D3-BF4B-00C04F79EFBC}") = "WebApi", "WebApi\WebApi.csproj", "{91DD6A74-468E-459F-A140-19EF341EB98D}"
EndProject
Global
	GlobalSection(SolutionConfigurationPlatforms) = preSolution
		Debug|Any CPU = Debug|Any CPU
		Release|Any CPU = Release|Any CPU
	EndGlobalSection
	GlobalSection(ProjectConfigurationPlatforms) = postSolution
		{91DD6A74-468E-459F-A140-19EF341EB98D}.Debug|Any CPU.ActiveCfg = Debug|Any CPU
		{91DD6A74-468E-459F-A140-19EF341EB98D}.Debug|Any CPU.Build.0 = Debug|Any CPU
		{91DD6A74-468E-459F-A140-19EF341EB98D}.Release|Any CPU.ActiveCfg = Release|Any CPU
		{91DD6A74-468E-459F-A140-19EF341EB98D}.Release|Any CPU.Build.0 = Release|Any CPU
	EndGlobalSection
	GlobalSection(SolutionProperties) = preSolution
		HideSolutionNode = FALSE
	EndGlobalSection
	GlobalSection(ExtensibilityGlobals) = postSolution
		SolutionGuid = {0DC75B81-A9A4-4282-A188-38F0E8C273F8}
	EndGlobalSection
EndGlobal
